
Microsoft Visual Studio Solution File, Format Version 12.00
# Visual Studio Version 16
VisualStudioVersion = 16.0.31410.357
MinimumVisualStudioVersion = 10.0.40219.1
Project("{9A19103F-16F7-4668-BE54-9A1E7A4F7556}") = "RedisSyncDataFromDB.Service", "RedisSyncDataFromDB.Service.csproj", "{5BF37FC6-9D92-42AF-A27C-B162A84A6ADE}"
EndProject
Project("{9A19103F-16F7-4668-BE54-9A1E7A4F7556}") = "RedisSyncDataFromDB.Service.Test", "..\Q1.CacheSyncDataFromDB.Service.Test\RedisSyncDataFromDB.Service.Test.csproj", "{94FE6353-DF39-4686-96B8-4C775C29EDDE}"
EndProject
Global
	GlobalSection(SolutionConfigurationPlatforms) = preSolution
		Debug|Any CPU = Debug|Any CPU
		Release|Any CPU = Release|Any CPU
	EndGlobalSection
	GlobalSection(ProjectConfigurationPlatforms) = postSolution
		{5BF37FC6-9D92-42AF-A27C-B162A84A6ADE}.Debug|Any CPU.ActiveCfg = Debug|Any CPU
		{5BF37FC6-9D92-42AF-A27C-B162A84A6ADE}.Debug|Any CPU.Build.0 = Debug|Any CPU
		{5BF37FC6-9D92-42AF-A27C-B162A84A6ADE}.Release|Any CPU.ActiveCfg = Release|Any CPU
		{5BF37FC6-9D92-42AF-A27C-B162A84A6ADE}.Release|Any CPU.Build.0 = Release|Any CPU
		{94FE6353-DF39-4686-96B8-4C775C29EDDE}.Debug|Any CPU.ActiveCfg = Debug|Any CPU
		{94FE6353-DF39-4686-96B8-4C775C29EDDE}.Debug|Any CPU.Build.0 = Debug|Any CPU
		{94FE6353-DF39-4686-96B8-4C775C29EDDE}.Release|Any CPU.ActiveCfg = Release|Any CPU
		{94FE6353-DF39-4686-96B8-4C775C29EDDE}.Release|Any CPU.Build.0 = Release|Any CPU
	EndGlobalSection
	GlobalSection(SolutionProperties) = preSolution
		HideSolutionNode = FALSE
	EndGlobalSection
	GlobalSection(ExtensibilityGlobals) = postSolution
		SolutionGuid = {14EFF8A4-3763-4C30-B0D2-20B81DCA24E7}
	EndGlobalSection
EndGlobal
